
Microsoft Visual Studio Solution File, Format Version 12.00
# Visual Studio Version 17
VisualStudioVersion = 17.11.35222.181
MinimumVisualStudioVersion = 10.0.40219.1
Project("{2150E333-8FDC-42A3-9474-1A3956D46DE8}") = "Presentation", "Presentation", "{19C3658F-7EFE-40AC-89F3-78B390C8C973}"
EndProject
Project("{2150E333-8FDC-42A3-9474-1A3956D46DE8}") = "Domain", "Domain", "{9FD7AC12-92FB-40F0-B93B-FE7687940C0B}"
EndProject
Project("{2150E333-8FDC-42A3-9474-1A3956D46DE8}") = "Microservices", "Microservices", "{61FBAAF6-02D9-45D9-B150-05FC3F51E8F7}"
EndProject
Project("{2150E333-8FDC-42A3-9474-1A3956D46DE8}") = "Infra.IoC", "Infra.IoC", "{65610BB1-2B91-4E00-BF47-1B9DF177D6F4}"
EndProject
Project("{2150E333-8FDC-42A3-9474-1A3956D46DE8}") = "Infra.Bus", "Infra.Bus", "{FEE0B29B-B8A1-456A-9176-DF1C6B3758A8}"
EndProject
Project("{9A19103F-16F7-4668-BE54-9A1E7A4F7556}") = "MicroRabbit.Domain.Core", "MicroRabbit.Domain.Core\MicroRabbit.Domain.Core.csproj", "{77758ABA-AE9C-423E-92FE-93077D7D5B52}"
EndProject
Project("{9A19103F-16F7-4668-BE54-9A1E7A4F7556}") = "MicroRabbit.Infra.Bus", "MicroRabbit.Infra.Bus\MicroRabbit.Infra.Bus.csproj", "{01B83DDA-A530-4054-9100-013872D3921F}"
EndProject
Project("{9A19103F-16F7-4668-BE54-9A1E7A4F7556}") = "MicroRabbit.Infra.IoC", "MicroRabbit.Infra.IoC\MicroRabbit.Infra.IoC.csproj", "{C61B1344-AED2-4F85-9C3C-F057A02140D3}"
EndProject
Project("{2150E333-8FDC-42A3-9474-1A3956D46DE8}") = "Banking", "Banking", "{010481F4-4949-42E2-A42E-F74FAE337BB6}"
EndProject
Project("{2150E333-8FDC-42A3-9474-1A3956D46DE8}") = "Api", "Api", "{9EDE9FC4-0530-42D6-97CE-ED2019383345}"
EndProject
Project("{2150E333-8FDC-42A3-9474-1A3956D46DE8}") = "Domain", "Domain", "{D579D385-341F-47ED-B583-DE8E2080946E}"
EndProject
Project("{2150E333-8FDC-42A3-9474-1A3956D46DE8}") = "Application", "Application", "{3F9DD17F-934F-4586-8A14-C9CBF4B999F5}"
EndProject
Project("{2150E333-8FDC-42A3-9474-1A3956D46DE8}") = "Data", "Data", "{7AAFDE2F-31C2-4628-A4BE-AE6509ADC60A}"
EndProject
Project("{9A19103F-16F7-4668-BE54-9A1E7A4F7556}") = "MicroRabbit.Banking.Api", "MicroRabbit.Banking.Api\MicroRabbit.Banking.Api.csproj", "{9D58D489-6888-4780-89EF-4F39902FF594}"
EndProject
Project("{9A19103F-16F7-4668-BE54-9A1E7A4F7556}") = "MicroRabbit.Banking.Application", "MicroRabbit.Banking.Application\MicroRabbit.Banking.Application.csproj", "{ABA8F7BD-A861-4ECB-A992-3926B61AD25A}"
EndProject
Project("{9A19103F-16F7-4668-BE54-9A1E7A4F7556}") = "MicroRabbit.Banking.Data", "MicroRabbit.Banking.Data\MicroRabbit.Banking.Data.csproj", "{480F8C1D-D7B2-44C0-B3B0-5F3316FBFA42}"
EndProject
Project("{9A19103F-16F7-4668-BE54-9A1E7A4F7556}") = "MicroRabbit.Banking.Domain", "MicroRabbit.Banking.Domain\MicroRabbit.Banking.Domain.csproj", "{48F63D71-C05C-4541-A48D-14A7BC472CA1}"
EndProject
Project("{2150E333-8FDC-42A3-9474-1A3956D46DE8}") = "Transfer", "Transfer", "{C4EC36DB-7E6F-4864-B444-B787CBFC6367}"
EndProject
Project("{2150E333-8FDC-42A3-9474-1A3956D46DE8}") = "Api", "Api", "{266184D7-87E5-4183-926B-F4B5E890A57F}"
EndProject
Project("{2150E333-8FDC-42A3-9474-1A3956D46DE8}") = "Application", "Application", "{84672B66-A6CE-428B-A190-1227682D0210}"
EndProject
Project("{2150E333-8FDC-42A3-9474-1A3956D46DE8}") = "Domain", "Domain", "{CC9AC0BC-8D4F-475A-A4DB-13225ED43434}"
EndProject
Project("{2150E333-8FDC-42A3-9474-1A3956D46DE8}") = "Data", "Data", "{9BC2F451-D1D0-481D-B8EE-D5711CF3F87A}"
EndProject
Project("{9A19103F-16F7-4668-BE54-9A1E7A4F7556}") = "MicroRabbit.Transfer.Api", "MicroRabbit.Transfer.Api\MicroRabbit.Transfer.Api.csproj", "{01176C29-A518-4F2C-92FF-0936876850E1}"
EndProject
Project("{9A19103F-16F7-4668-BE54-9A1E7A4F7556}") = "MicroRabbit.Transfer.Application", "MicroRabbit.Transfer.Application\MicroRabbit.Transfer.Application.csproj", "{AE12D42A-6527-4695-BE2D-2D78B78DB95D}"
EndProject
Project("{9A19103F-16F7-4668-BE54-9A1E7A4F7556}") = "MicroRabbit.Transfer.Data", "MicroRabbit.Transfer.Data\MicroRabbit.Transfer.Data.csproj", "{4C5DC7CD-9779-434F-AB47-898A3E4907D8}"
EndProject
Project("{9A19103F-16F7-4668-BE54-9A1E7A4F7556}") = "MicroRabbit.Transfer.Domain", "MicroRabbit.Transfer.Domain\MicroRabbit.Transfer.Domain.csproj", "{BED5962E-6F25-4A5D-8CE2-0413940F9E8F}"
EndProject
Project("{9A19103F-16F7-4668-BE54-9A1E7A4F7556}") = "MicroRabbit.Mvc", "MicroRabbit.Mvc\MicroRabbit.Mvc.csproj", "{46227632-49D0-4669-8CE4-3D7261115C71}"
EndProject
Global
	GlobalSection(SolutionConfigurationPlatforms) = preSolution
		Debug|Any CPU = Debug|Any CPU
		Release|Any CPU = Release|Any CPU
	EndGlobalSection
	GlobalSection(ProjectConfigurationPlatforms) = postSolution
		{77758ABA-AE9C-423E-92FE-93077D7D5B52}.Debug|Any CPU.ActiveCfg = Debug|Any CPU
		{77758ABA-AE9C-423E-92FE-93077D7D5B52}.Debug|Any CPU.Build.0 = Debug|Any CPU
		{77758ABA-AE9C-423E-92FE-93077D7D5B52}.Release|Any CPU.ActiveCfg = Release|Any CPU
		{77758ABA-AE9C-423E-92FE-93077D7D5B52}.Release|Any CPU.Build.0 = Release|Any CPU
		{01B83DDA-A530-4054-9100-013872D3921F}.Debug|Any CPU.ActiveCfg = Debug|Any CPU
		{01B83DDA-A530-4054-9100-013872D3921F}.Debug|Any CPU.Build.0 = Debug|Any CPU
		{01B83DDA-A530-4054-9100-013872D3921F}.Release|Any CPU.ActiveCfg = Release|Any CPU
		{01B83DDA-A530-4054-9100-013872D3921F}.Release|Any CPU.Build.0 = Release|Any CPU
		{C61B1344-AED2-4F85-9C3C-F057A02140D3}.Debug|Any CPU.ActiveCfg = Debug|Any CPU
		{C61B1344-AED2-4F85-9C3C-F057A02140D3}.Debug|Any CPU.Build.0 = Debug|Any CPU
		{C61B1344-AED2-4F85-9C3C-F057A02140D3}.Release|Any CPU.ActiveCfg = Release|Any CPU
		{C61B1344-AED2-4F85-9C3C-F057A02140D3}.Release|Any CPU.Build.0 = Release|Any CPU
		{9D58D489-6888-4780-89EF-4F39902FF594}.Debug|Any CPU.ActiveCfg = Debug|Any CPU
		{9D58D489-6888-4780-89EF-4F39902FF594}.Debug|Any CPU.Build.0 = Debug|Any CPU
		{9D58D489-6888-4780-89EF-4F39902FF594}.Release|Any CPU.ActiveCfg = Release|Any CPU
		{9D58D489-6888-4780-89EF-4F39902FF594}.Release|Any CPU.Build.0 = Release|Any CPU
		{ABA8F7BD-A861-4ECB-A992-3926B61AD25A}.Debug|Any CPU.ActiveCfg = Debug|Any CPU
		{ABA8F7BD-A861-4ECB-A992-3926B61AD25A}.Debug|Any CPU.Build.0 = Debug|Any CPU
		{ABA8F7BD-A861-4ECB-A992-3926B61AD25A}.Release|Any CPU.ActiveCfg = Release|Any CPU
		{ABA8F7BD-A861-4ECB-A992-3926B61AD25A}.Release|Any CPU.Build.0 = Release|Any CPU
		{480F8C1D-D7B2-44C0-B3B0-5F3316FBFA42}.Debug|Any CPU.ActiveCfg = Debug|Any CPU
		{480F8C1D-D7B2-44C0-B3B0-5F3316FBFA42}.Debug|Any CPU.Build.0 = Debug|Any CPU
		{480F8C1D-D7B2-44C0-B3B0-5F3316FBFA42}.Release|Any CPU.ActiveCfg = Release|Any CPU
		{480F8C1D-D7B2-44C0-B3B0-5F3316FBFA42}.Release|Any CPU.Build.0 = Release|Any CPU
		{48F63D71-C05C-4541-A48D-14A7BC472CA1}.Debug|Any CPU.ActiveCfg = Debug|Any CPU
		{48F63D71-C05C-4541-A48D-14A7BC472CA1}.Debug|Any CPU.Build.0 = Debug|Any CPU
		{48F63D71-C05C-4541-A48D-14A7BC472CA1}.Release|Any CPU.ActiveCfg = Release|Any CPU
		{48F63D71-C05C-4541-A48D-14A7BC472CA1}.Release|Any CPU.Build.0 = Release|Any CPU
		{01176C29-A518-4F2C-92FF-0936876850E1}.Debug|Any CPU.ActiveCfg = Debug|Any CPU
		{01176C29-A518-4F2C-92FF-0936876850E1}.Debug|Any CPU.Build.0 = Debug|Any CPU
		{01176C29-A518-4F2C-92FF-0936876850E1}.Release|Any CPU.ActiveCfg = Release|Any CPU
		{01176C29-A518-4F2C-92FF-0936876850E1}.Release|Any CPU.Build.0 = Release|Any CPU
		{AE12D42A-6527-4695-BE2D-2D78B78DB95D}.Debug|Any CPU.ActiveCfg = Debug|Any CPU
		{AE12D42A-6527-4695-BE2D-2D78B78DB95D}.Debug|Any CPU.Build.0 = Debug|Any CPU
		{AE12D42A-6527-4695-BE2D-2D78B78DB95D}.Release|Any CPU.ActiveCfg = Release|Any CPU
		{AE12D42A-6527-4695-BE2D-2D78B78DB95D}.Release|Any CPU.Build.0 = Release|Any CPU
		{4C5DC7CD-9779-434F-AB47-898A3E4907D8}.Debug|Any CPU.ActiveCfg = Debug|Any CPU
		{4C5DC7CD-9779-434F-AB47-898A3E4907D8}.Debug|Any CPU.Build.0 = Debug|Any CPU
		{4C5DC7CD-9779-434F-AB47-898A3E4907D8}.Release|Any CPU.ActiveCfg = Release|Any CPU
		{4C5DC7CD-9779-434F-AB47-898A3E4907D8}.Release|Any CPU.Build.0 = Release|Any CPU
		{BED5962E-6F25-4A5D-8CE2-0413940F9E8F}.Debug|Any CPU.ActiveCfg = Debug|Any CPU
		{BED5962E-6F25-4A5D-8CE2-0413940F9E8F}.Debug|Any CPU.Build.0 = Debug|Any CPU
		{BED5962E-6F25-4A5D-8CE2-0413940F9E8F}.Release|Any CPU.ActiveCfg = Release|Any CPU
		{BED5962E-6F25-4A5D-8CE2-0413940F9E8F}.Release|Any CPU.Build.0 = Release|Any CPU
		{46227632-49D0-4669-8CE4-3D7261115C71}.Debug|Any CPU.ActiveCfg = Debug|Any CPU
		{46227632-49D0-4669-8CE4-3D7261115C71}.Debug|Any CPU.Build.0 = Debug|Any CPU
		{46227632-49D0-4669-8CE4-3D7261115C71}.Release|Any CPU.ActiveCfg = Release|Any CPU
		{46227632-49D0-4669-8CE4-3D7261115C71}.Release|Any CPU.Build.0 = Release|Any CPU
	EndGlobalSection
	GlobalSection(SolutionProperties) = preSolution
		HideSolutionNode = FALSE
	EndGlobalSection
	GlobalSection(NestedProjects) = preSolution
		{77758ABA-AE9C-423E-92FE-93077D7D5B52} = {9FD7AC12-92FB-40F0-B93B-FE7687940C0B}
		{01B83DDA-A530-4054-9100-013872D3921F} = {FEE0B29B-B8A1-456A-9176-DF1C6B3758A8}
		{C61B1344-AED2-4F85-9C3C-F057A02140D3} = {65610BB1-2B91-4E00-BF47-1B9DF177D6F4}
		{010481F4-4949-42E2-A42E-F74FAE337BB6} = {61FBAAF6-02D9-45D9-B150-05FC3F51E8F7}
		{9EDE9FC4-0530-42D6-97CE-ED2019383345} = {010481F4-4949-42E2-A42E-F74FAE337BB6}
		{D579D385-341F-47ED-B583-DE8E2080946E} = {010481F4-4949-42E2-A42E-F74FAE337BB6}
		{3F9DD17F-934F-4586-8A14-C9CBF4B999F5} = {010481F4-4949-42E2-A42E-F74FAE337BB6}
		{7AAFDE2F-31C2-4628-A4BE-AE6509ADC60A} = {010481F4-4949-42E2-A42E-F74FAE337BB6}
		{9D58D489-6888-4780-89EF-4F39902FF594} = {9EDE9FC4-0530-42D6-97CE-ED2019383345}
		{ABA8F7BD-A861-4ECB-A992-3926B61AD25A} = {3F9DD17F-934F-4586-8A14-C9CBF4B999F5}
		{480F8C1D-D7B2-44C0-B3B0-5F3316FBFA42} = {7AAFDE2F-31C2-4628-A4BE-AE6509ADC60A}
		{48F63D71-C05C-4541-A48D-14A7BC472CA1} = {D579D385-341F-47ED-B583-DE8E2080946E}
		{C4EC36DB-7E6F-4864-B444-B787CBFC6367} = {61FBAAF6-02D9-45D9-B150-05FC3F51E8F7}
		{266184D7-87E5-4183-926B-F4B5E890A57F} = {C4EC36DB-7E6F-4864-B444-B787CBFC6367}
		{84672B66-A6CE-428B-A190-1227682D0210} = {C4EC36DB-7E6F-4864-B444-B787CBFC6367}
		{CC9AC0BC-8D4F-475A-A4DB-13225ED43434} = {C4EC36DB-7E6F-4864-B444-B787CBFC6367}
		{9BC2F451-D1D0-481D-B8EE-D5711CF3F87A} = {C4EC36DB-7E6F-4864-B444-B787CBFC6367}
		{01176C29-A518-4F2C-92FF-0936876850E1} = {266184D7-87E5-4183-926B-F4B5E890A57F}
		{AE12D42A-6527-4695-BE2D-2D78B78DB95D} = {84672B66-A6CE-428B-A190-1227682D0210}
		{4C5DC7CD-9779-434F-AB47-898A3E4907D8} = {9BC2F451-D1D0-481D-B8EE-D5711CF3F87A}
		{BED5962E-6F25-4A5D-8CE2-0413940F9E8F} = {CC9AC0BC-8D4F-475A-A4DB-13225ED43434}
		{46227632-49D0-4669-8CE4-3D7261115C71} = {19C3658F-7EFE-40AC-89F3-78B390C8C973}
	EndGlobalSection
	GlobalSection(ExtensibilityGlobals) = postSolution
		SolutionGuid = {10D1013D-9931-4A3A-9280-A36DDE7C69AC}
	EndGlobalSection
EndGlobal
